
Microsoft Visual Studio Solution File, Format Version 12.00
# Visual Studio Version 17
VisualStudioVersion = 17.2.32630.192
MinimumVisualStudioVersion = 10.0.40219.1
Project("{2150E333-8FDC-42A3-9474-1A3956D46DE8}") = "Domain", "Domain", "{6B8421EA-A1E6-4822-82CF-CEC5A4572B3F}"
EndProject
Project("{2150E333-8FDC-42A3-9474-1A3956D46DE8}") = "Infra.Bus", "Infra.Bus", "{F8EA9474-1113-42E5-8FB6-145D8D734BE6}"
EndProject
Project("{2150E333-8FDC-42A3-9474-1A3956D46DE8}") = "Microservices", "Microservices", "{E358D84B-B1EB-4CA5-9129-1FA1FFBF42D6}"
EndProject
Project("{2150E333-8FDC-42A3-9474-1A3956D46DE8}") = "Infra.IoC", "Infra.IoC", "{3DDFA360-BA90-4BE4-9817-0207772F1DBE}"
EndProject
Project("{2150E333-8FDC-42A3-9474-1A3956D46DE8}") = "Presentation", "Presentation", "{579C3552-D836-48F0-85F4-666F17489B10}"
EndProject
Project("{9A19103F-16F7-4668-BE54-9A1E7A4F7556}") = "MicroRabbit.Domain.Core", "MicroRabbit.Domain.Core\MicroRabbit.Domain.Core.csproj", "{55224AA5-7DB1-4C86-B33C-5ACA292C2AA9}"
EndProject
Project("{9A19103F-16F7-4668-BE54-9A1E7A4F7556}") = "MicroRabbit.Infra.Bus", "MicroRabbit.Infra.Bus\MicroRabbit.Infra.Bus.csproj", "{C7C13748-CB1E-448A-B6C6-B405E8E33A17}"
EndProject
Project("{9A19103F-16F7-4668-BE54-9A1E7A4F7556}") = "MicroRabbit.Infra.IoC", "MicroRabbit.Infra.IoC\MicroRabbit.Infra.IoC.csproj", "{3A44EA28-E5C3-40DB-B75D-2761F826C5A3}"
EndProject
Project("{2150E333-8FDC-42A3-9474-1A3956D46DE8}") = "Banking", "Banking", "{E32BAADD-F971-4560-8EEF-54A9C30E28BD}"
EndProject
Project("{2150E333-8FDC-42A3-9474-1A3956D46DE8}") = "API", "API", "{C105B369-210D-4F51-A8AC-77FE9014EEC1}"
EndProject
Project("{2150E333-8FDC-42A3-9474-1A3956D46DE8}") = "Domain", "Domain", "{FB510C5A-2A17-431E-8576-2A635AA93FAF}"
EndProject
Project("{2150E333-8FDC-42A3-9474-1A3956D46DE8}") = "Application", "Application", "{E7623D38-050F-4797-8CD7-DBA869E0CA70}"
EndProject
Project("{2150E333-8FDC-42A3-9474-1A3956D46DE8}") = "Data", "Data", "{45540C50-963A-4EF9-99D9-F722C3CC0200}"
EndProject
Project("{FAE04EC0-301F-11D3-BF4B-00C04F79EFBC}") = "MicroRabbit.Banking.Api", "MicroRabbit.Banking.Api\MicroRabbit.Banking.Api.csproj", "{CB01B7A5-9646-4465-955D-D98BEDFE8934}"
EndProject
Project("{FAE04EC0-301F-11D3-BF4B-00C04F79EFBC}") = "MicroRabbit.Banking.Application", "MicroRabbit.Banking.Application\MicroRabbit.Banking.Application.csproj", "{72F3007D-CB2F-414D-9B4D-9B9B4EA45B45}"
EndProject
Project("{FAE04EC0-301F-11D3-BF4B-00C04F79EFBC}") = "MicroRabbit.Banking.Data", "MicroRabbit.Banking.Data\MicroRabbit.Banking.Data.csproj", "{28F43591-455D-49F0-BA7A-56F5D8318523}"
EndProject
Project("{FAE04EC0-301F-11D3-BF4B-00C04F79EFBC}") = "MicroRabbit.Banking.Domain", "MicroRabbit.Banking.Domain\MicroRabbit.Banking.Domain.csproj", "{14D5298A-9BA2-4DB3-B2C6-B541D411A9AD}"
EndProject
Global
	GlobalSection(SolutionConfigurationPlatforms) = preSolution
		Debug|Any CPU = Debug|Any CPU
		Release|Any CPU = Release|Any CPU
	EndGlobalSection
	GlobalSection(ProjectConfigurationPlatforms) = postSolution
		{55224AA5-7DB1-4C86-B33C-5ACA292C2AA9}.Debug|Any CPU.ActiveCfg = Debug|Any CPU
		{55224AA5-7DB1-4C86-B33C-5ACA292C2AA9}.Debug|Any CPU.Build.0 = Debug|Any CPU
		{55224AA5-7DB1-4C86-B33C-5ACA292C2AA9}.Release|Any CPU.ActiveCfg = Release|Any CPU
		{55224AA5-7DB1-4C86-B33C-5ACA292C2AA9}.Release|Any CPU.Build.0 = Release|Any CPU
		{C7C13748-CB1E-448A-B6C6-B405E8E33A17}.Debug|Any CPU.ActiveCfg = Debug|Any CPU
		{C7C13748-CB1E-448A-B6C6-B405E8E33A17}.Debug|Any CPU.Build.0 = Debug|Any CPU
		{C7C13748-CB1E-448A-B6C6-B405E8E33A17}.Release|Any CPU.ActiveCfg = Release|Any CPU
		{C7C13748-CB1E-448A-B6C6-B405E8E33A17}.Release|Any CPU.Build.0 = Release|Any CPU
		{3A44EA28-E5C3-40DB-B75D-2761F826C5A3}.Debug|Any CPU.ActiveCfg = Debug|Any CPU
		{3A44EA28-E5C3-40DB-B75D-2761F826C5A3}.Debug|Any CPU.Build.0 = Debug|Any CPU
		{3A44EA28-E5C3-40DB-B75D-2761F826C5A3}.Release|Any CPU.ActiveCfg = Release|Any CPU
		{3A44EA28-E5C3-40DB-B75D-2761F826C5A3}.Release|Any CPU.Build.0 = Release|Any CPU
		{CB01B7A5-9646-4465-955D-D98BEDFE8934}.Debug|Any CPU.ActiveCfg = Debug|Any CPU
		{CB01B7A5-9646-4465-955D-D98BEDFE8934}.Debug|Any CPU.Build.0 = Debug|Any CPU
		{CB01B7A5-9646-4465-955D-D98BEDFE8934}.Release|Any CPU.ActiveCfg = Release|Any CPU
		{CB01B7A5-9646-4465-955D-D98BEDFE8934}.Release|Any CPU.Build.0 = Release|Any CPU
		{72F3007D-CB2F-414D-9B4D-9B9B4EA45B45}.Debug|Any CPU.ActiveCfg = Debug|Any CPU
		{72F3007D-CB2F-414D-9B4D-9B9B4EA45B45}.Debug|Any CPU.Build.0 = Debug|Any CPU
		{72F3007D-CB2F-414D-9B4D-9B9B4EA45B45}.Release|Any CPU.ActiveCfg = Release|Any CPU
		{72F3007D-CB2F-414D-9B4D-9B9B4EA45B45}.Release|Any CPU.Build.0 = Release|Any CPU
		{28F43591-455D-49F0-BA7A-56F5D8318523}.Debug|Any CPU.ActiveCfg = Debug|Any CPU
		{28F43591-455D-49F0-BA7A-56F5D8318523}.Debug|Any CPU.Build.0 = Debug|Any CPU
		{28F43591-455D-49F0-BA7A-56F5D8318523}.Release|Any CPU.ActiveCfg = Release|Any CPU
		{28F43591-455D-49F0-BA7A-56F5D8318523}.Release|Any CPU.Build.0 = Release|Any CPU
		{14D5298A-9BA2-4DB3-B2C6-B541D411A9AD}.Debug|Any CPU.ActiveCfg = Debug|Any CPU
		{14D5298A-9BA2-4DB3-B2C6-B541D411A9AD}.Debug|Any CPU.Build.0 = Debug|Any CPU
		{14D5298A-9BA2-4DB3-B2C6-B541D411A9AD}.Release|Any CPU.ActiveCfg = Release|Any CPU
		{14D5298A-9BA2-4DB3-B2C6-B541D411A9AD}.Release|Any CPU.Build.0 = Release|Any CPU
	EndGlobalSection
	GlobalSection(SolutionProperties) = preSolution
		HideSolutionNode = FALSE
	EndGlobalSection
	GlobalSection(NestedProjects) = preSolution
		{55224AA5-7DB1-4C86-B33C-5ACA292C2AA9} = {6B8421EA-A1E6-4822-82CF-CEC5A4572B3F}
		{C7C13748-CB1E-448A-B6C6-B405E8E33A17} = {F8EA9474-1113-42E5-8FB6-145D8D734BE6}
		{3A44EA28-E5C3-40DB-B75D-2761F826C5A3} = {3DDFA360-BA90-4BE4-9817-0207772F1DBE}
		{E32BAADD-F971-4560-8EEF-54A9C30E28BD} = {E358D84B-B1EB-4CA5-9129-1FA1FFBF42D6}
		{C105B369-210D-4F51-A8AC-77FE9014EEC1} = {E32BAADD-F971-4560-8EEF-54A9C30E28BD}
		{FB510C5A-2A17-431E-8576-2A635AA93FAF} = {E32BAADD-F971-4560-8EEF-54A9C30E28BD}
		{E7623D38-050F-4797-8CD7-DBA869E0CA70} = {E32BAADD-F971-4560-8EEF-54A9C30E28BD}
		{45540C50-963A-4EF9-99D9-F722C3CC0200} = {E32BAADD-F971-4560-8EEF-54A9C30E28BD}
		{CB01B7A5-9646-4465-955D-D98BEDFE8934} = {C105B369-210D-4F51-A8AC-77FE9014EEC1}
		{72F3007D-CB2F-414D-9B4D-9B9B4EA45B45} = {E7623D38-050F-4797-8CD7-DBA869E0CA70}
		{28F43591-455D-49F0-BA7A-56F5D8318523} = {45540C50-963A-4EF9-99D9-F722C3CC0200}
		{14D5298A-9BA2-4DB3-B2C6-B541D411A9AD} = {FB510C5A-2A17-431E-8576-2A635AA93FAF}
	EndGlobalSection
	GlobalSection(ExtensibilityGlobals) = postSolution
		SolutionGuid = {E290E569-19F6-4409-884F-FAB0140A70C1}
	EndGlobalSection
EndGlobal
